
Microsoft Visual Studio Solution File, Format Version 12.00
Project("{FAE04EC0-301F-11D3-BF4B-00C04F79EFBC}") = "Othello", "Othello\Othello.csproj", "{0AF7A7EA-8CCB-4C94-8C26-9C8AB3BED332}"
EndProject
Global
	GlobalSection(SolutionConfigurationPlatforms) = preSolution
		Debug|Any CPU = Debug|Any CPU
		Release|Any CPU = Release|Any CPU
	EndGlobalSection
	GlobalSection(ProjectConfigurationPlatforms) = postSolution
		{0AF7A7EA-8CCB-4C94-8C26-9C8AB3BED332}.Debug|Any CPU.ActiveCfg = Debug|Any CPU
		{0AF7A7EA-8CCB-4C94-8C26-9C8AB3BED332}.Debug|Any CPU.Build.0 = Debug|Any CPU
		{0AF7A7EA-8CCB-4C94-8C26-9C8AB3BED332}.Release|Any CPU.ActiveCfg = Release|Any CPU
		{0AF7A7EA-8CCB-4C94-8C26-9C8AB3BED332}.Release|Any CPU.Build.0 = Release|Any CPU
	EndGlobalSection
EndGlobal
